
Microsoft Visual Studio Solution File, Format Version 12.00
# Visual Studio Version 17
VisualStudioVersion = 17.4.33213.308
MinimumVisualStudioVersion = 10.0.40219.1
Project("{9A19103F-16F7-4668-BE54-9A1E7A4F7556}") = "RandomNumbersToSum", "RandomNumbersToSum\RandomNumbersToSum.csproj", "{FCDD768B-B0AF-4403-8167-EC81B5A750BB}"
EndProject
Project("{FAE04EC0-301F-11D3-BF4B-00C04F79EFBC}") = "RandomNumbersToSum.Tests", "RandomNumbersToSum.Tests\RandomNumbersToSum.Tests.csproj", "{7D7251A5-B919-4E3E-AD6E-C21A4D7F398B}"
EndProject
Project("{FAE04EC0-301F-11D3-BF4B-00C04F79EFBC}") = "RandomNumbersToSumExecutable", "RandomNumbersToSumExecutable\RandomNumbersToSumExecutable.csproj", "{B1804A45-9F5B-4E57-B09E-476C9522618A}"
EndProject
Global
	GlobalSection(SolutionConfigurationPlatforms) = preSolution
		Debug|Any CPU = Debug|Any CPU
		Release|Any CPU = Release|Any CPU
	EndGlobalSection
	GlobalSection(ProjectConfigurationPlatforms) = postSolution
		{FCDD768B-B0AF-4403-8167-EC81B5A750BB}.Debug|Any CPU.ActiveCfg = Debug|Any CPU
		{FCDD768B-B0AF-4403-8167-EC81B5A750BB}.Debug|Any CPU.Build.0 = Debug|Any CPU
		{FCDD768B-B0AF-4403-8167-EC81B5A750BB}.Release|Any CPU.ActiveCfg = Release|Any CPU
		{FCDD768B-B0AF-4403-8167-EC81B5A750BB}.Release|Any CPU.Build.0 = Release|Any CPU
		{7D7251A5-B919-4E3E-AD6E-C21A4D7F398B}.Debug|Any CPU.ActiveCfg = Debug|Any CPU
		{7D7251A5-B919-4E3E-AD6E-C21A4D7F398B}.Debug|Any CPU.Build.0 = Debug|Any CPU
		{7D7251A5-B919-4E3E-AD6E-C21A4D7F398B}.Release|Any CPU.ActiveCfg = Release|Any CPU
		{7D7251A5-B919-4E3E-AD6E-C21A4D7F398B}.Release|Any CPU.Build.0 = Release|Any CPU
		{B1804A45-9F5B-4E57-B09E-476C9522618A}.Debug|Any CPU.ActiveCfg = Debug|Any CPU
		{B1804A45-9F5B-4E57-B09E-476C9522618A}.Debug|Any CPU.Build.0 = Debug|Any CPU
		{B1804A45-9F5B-4E57-B09E-476C9522618A}.Release|Any CPU.ActiveCfg = Release|Any CPU
		{B1804A45-9F5B-4E57-B09E-476C9522618A}.Release|Any CPU.Build.0 = Release|Any CPU
	EndGlobalSection
	GlobalSection(SolutionProperties) = preSolution
		HideSolutionNode = FALSE
	EndGlobalSection
	GlobalSection(ExtensibilityGlobals) = postSolution
		SolutionGuid = {96D01499-7345-4F57-BDB6-00467F5AFD19}
	EndGlobalSection
EndGlobal
